// !$*UTF8*$!
{
	archiveVersion = 1;
	classes = {
	};
	objectVersion = 56;
	objects = {

/* Begin PBXBuildFile section */
		CDF375AD29A5FC680053F390 /* AppDelegate.swift in Sources */ = {isa = PBXBuildFile; fileRef = CDF375AC29A5FC680053F390 /* AppDelegate.swift */; };
		CDF375AF29A5FC680053F390 /* SceneDelegate.swift in Sources */ = {isa = PBXBuildFile; fileRef = CDF375AE29A5FC680053F390 /* SceneDelegate.swift */; };
		CDF375B129A5FC680053F390 /* LoginViewController.swift in Sources */ = {isa = PBXBuildFile; fileRef = CDF375B029A5FC680053F390 /* LoginViewController.swift */; };
		CDF375B629A5FC6A0053F390 /* Assets.xcassets in Resources */ = {isa = PBXBuildFile; fileRef = CDF375B529A5FC6A0053F390 /* Assets.xcassets */; };
		CDF375B929A5FC6A0053F390 /* LaunchScreen.storyboard in Resources */ = {isa = PBXBuildFile; fileRef = CDF375B729A5FC6A0053F390 /* LaunchScreen.storyboard */; };
		CDF375C429A5FC6B0053F390 /* SwaggerTests.swift in Sources */ = {isa = PBXBuildFile; fileRef = CDF375C329A5FC6B0053F390 /* SwaggerTests.swift */; };
		CDF375CE29A5FC6B0053F390 /* SwaggerUITests.swift in Sources */ = {isa = PBXBuildFile; fileRef = CDF375CD29A5FC6B0053F390 /* SwaggerUITests.swift */; };
		CDF375D029A5FC6B0053F390 /* SwaggerUITestsLaunchTests.swift in Sources */ = {isa = PBXBuildFile; fileRef = CDF375CF29A5FC6B0053F390 /* SwaggerUITestsLaunchTests.swift */; };
		CDF375E029A5FF690053F390 /* MainCoordinator.swift in Sources */ = {isa = PBXBuildFile; fileRef = CDF375DF29A5FF690053F390 /* MainCoordinator.swift */; };
		CDF375E329A603970053F390 /* LoginView.swift in Sources */ = {isa = PBXBuildFile; fileRef = CDF375E229A603970053F390 /* LoginView.swift */; };
		CDF375E629A604210053F390 /* UIConstants.swift in Sources */ = {isa = PBXBuildFile; fileRef = CDF375E529A604210053F390 /* UIConstants.swift */; };
		CDF375E929A6145C0053F390 /* UItextField+Extensions.swift in Sources */ = {isa = PBXBuildFile; fileRef = CDF375E829A6145C0053F390 /* UItextField+Extensions.swift */; };
		CDF375ED29A623F90053F390 /* UIImage+Extensions.swift in Sources */ = {isa = PBXBuildFile; fileRef = CDF375EC29A623F90053F390 /* UIImage+Extensions.swift */; };
		CDF375FA29A63A220053F390 /* Satoshi-Regular.otf in Resources */ = {isa = PBXBuildFile; fileRef = CDF375F029A63A210053F390 /* Satoshi-Regular.otf */; };
		CDF3760229A63A220053F390 /* Satoshi-Bold.otf in Resources */ = {isa = PBXBuildFile; fileRef = CDF375F829A63A210053F390 /* Satoshi-Bold.otf */; };
		CDF3760829A63EE40053F390 /* Supreme-Extrabold.otf in Resources */ = {isa = PBXBuildFile; fileRef = CDF3760729A63EE40053F390 /* Supreme-Extrabold.otf */; };
		CDF3760D29A63F030053F390 /* Supreme-Regular.otf in Resources */ = {isa = PBXBuildFile; fileRef = CDF3760A29A63F030053F390 /* Supreme-Regular.otf */; };
		CDF3760E29A63F030053F390 /* Supreme-Italic.otf in Resources */ = {isa = PBXBuildFile; fileRef = CDF3760B29A63F030053F390 /* Supreme-Italic.otf */; };
		CDF3760F29A63F030053F390 /* Supreme-Medium.otf in Resources */ = {isa = PBXBuildFile; fileRef = CDF3760C29A63F030053F390 /* Supreme-Medium.otf */; };
		CDF3761229A63F680053F390 /* FFL.txt in Resources */ = {isa = PBXBuildFile; fileRef = CDF3761129A63F680053F390 /* FFL.txt */; };
		CDF3761629A63FCC0053F390 /* Supreme-Bold.otf in Resources */ = {isa = PBXBuildFile; fileRef = CDF3761529A63FCC0053F390 /* Supreme-Bold.otf */; };
/* End PBXBuildFile section */

/* Begin PBXContainerItemProxy section */
		CDF375C029A5FC6A0053F390 /* PBXContainerItemProxy */ = {
			isa = PBXContainerItemProxy;
			containerPortal = CDF375A129A5FC680053F390 /* Project object */;
			proxyType = 1;
			remoteGlobalIDString = CDF375A829A5FC680053F390;
			remoteInfo = Swagger;
		};
		CDF375CA29A5FC6B0053F390 /* PBXContainerItemProxy */ = {
			isa = PBXContainerItemProxy;
			containerPortal = CDF375A129A5FC680053F390 /* Project object */;
			proxyType = 1;
			remoteGlobalIDString = CDF375A829A5FC680053F390;
			remoteInfo = Swagger;
		};
/* End PBXContainerItemProxy section */

/* Begin PBXFileReference section */
		CDF375A929A5FC680053F390 /* Swagger.app */ = {isa = PBXFileReference; explicitFileType = wrapper.application; includeInIndex = 0; path = Swagger.app; sourceTree = BUILT_PRODUCTS_DIR; };
		CDF375AC29A5FC680053F390 /* AppDelegate.swift */ = {isa = PBXFileReference; lastKnownFileType = sourcecode.swift; path = AppDelegate.swift; sourceTree = "<group>"; };
		CDF375AE29A5FC680053F390 /* SceneDelegate.swift */ = {isa = PBXFileReference; lastKnownFileType = sourcecode.swift; path = SceneDelegate.swift; sourceTree = "<group>"; };
		CDF375B029A5FC680053F390 /* LoginViewController.swift */ = {isa = PBXFileReference; lastKnownFileType = sourcecode.swift; path = LoginViewController.swift; sourceTree = "<group>"; };
		CDF375B529A5FC6A0053F390 /* Assets.xcassets */ = {isa = PBXFileReference; lastKnownFileType = folder.assetcatalog; path = Assets.xcassets; sourceTree = "<group>"; };
		CDF375B829A5FC6A0053F390 /* Base */ = {isa = PBXFileReference; lastKnownFileType = file.storyboard; name = Base; path = Base.lproj/LaunchScreen.storyboard; sourceTree = "<group>"; };
		CDF375BA29A5FC6A0053F390 /* Info.plist */ = {isa = PBXFileReference; lastKnownFileType = text.plist.xml; path = Info.plist; sourceTree = "<group>"; };
		CDF375BF29A5FC6A0053F390 /* SwaggerTests.xctest */ = {isa = PBXFileReference; explicitFileType = wrapper.cfbundle; includeInIndex = 0; path = SwaggerTests.xctest; sourceTree = BUILT_PRODUCTS_DIR; };
		CDF375C329A5FC6B0053F390 /* SwaggerTests.swift */ = {isa = PBXFileReference; lastKnownFileType = sourcecode.swift; path = SwaggerTests.swift; sourceTree = "<group>"; };
		CDF375C929A5FC6B0053F390 /* SwaggerUITests.xctest */ = {isa = PBXFileReference; explicitFileType = wrapper.cfbundle; includeInIndex = 0; path = SwaggerUITests.xctest; sourceTree = BUILT_PRODUCTS_DIR; };
		CDF375CD29A5FC6B0053F390 /* SwaggerUITests.swift */ = {isa = PBXFileReference; lastKnownFileType = sourcecode.swift; path = SwaggerUITests.swift; sourceTree = "<group>"; };
		CDF375CF29A5FC6B0053F390 /* SwaggerUITestsLaunchTests.swift */ = {isa = PBXFileReference; lastKnownFileType = sourcecode.swift; path = SwaggerUITestsLaunchTests.swift; sourceTree = "<group>"; };
		CDF375DF29A5FF690053F390 /* MainCoordinator.swift */ = {isa = PBXFileReference; lastKnownFileType = sourcecode.swift; path = MainCoordinator.swift; sourceTree = "<group>"; };
		CDF375E229A603970053F390 /* LoginView.swift */ = {isa = PBXFileReference; lastKnownFileType = sourcecode.swift; path = LoginView.swift; sourceTree = "<group>"; };
		CDF375E529A604210053F390 /* UIConstants.swift */ = {isa = PBXFileReference; lastKnownFileType = sourcecode.swift; path = UIConstants.swift; sourceTree = "<group>"; };
		CDF375E829A6145C0053F390 /* UItextField+Extensions.swift */ = {isa = PBXFileReference; lastKnownFileType = sourcecode.swift; path = "UItextField+Extensions.swift"; sourceTree = "<group>"; };
		CDF375EC29A623F90053F390 /* UIImage+Extensions.swift */ = {isa = PBXFileReference; lastKnownFileType = sourcecode.swift; path = "UIImage+Extensions.swift"; sourceTree = "<group>"; };
		CDF375F029A63A210053F390 /* Satoshi-Regular.otf */ = {isa = PBXFileReference; lastKnownFileType = file; path = "Satoshi-Regular.otf"; sourceTree = "<group>"; };
		CDF375F829A63A210053F390 /* Satoshi-Bold.otf */ = {isa = PBXFileReference; lastKnownFileType = file; path = "Satoshi-Bold.otf"; sourceTree = "<group>"; };
		CDF3760629A63E820053F390 /* FFL.txt */ = {isa = PBXFileReference; lastKnownFileType = text; path = FFL.txt; sourceTree = "<group>"; };
		CDF3760729A63EE40053F390 /* Supreme-Extrabold.otf */ = {isa = PBXFileReference; lastKnownFileType = file; path = "Supreme-Extrabold.otf"; sourceTree = "<group>"; };
		CDF3760A29A63F030053F390 /* Supreme-Regular.otf */ = {isa = PBXFileReference; lastKnownFileType = file; path = "Supreme-Regular.otf"; sourceTree = "<group>"; };
		CDF3760B29A63F030053F390 /* Supreme-Italic.otf */ = {isa = PBXFileReference; lastKnownFileType = file; path = "Supreme-Italic.otf"; sourceTree = "<group>"; };
		CDF3760C29A63F030053F390 /* Supreme-Medium.otf */ = {isa = PBXFileReference; lastKnownFileType = file; path = "Supreme-Medium.otf"; sourceTree = "<group>"; };
		CDF3761129A63F680053F390 /* FFL.txt */ = {isa = PBXFileReference; fileEncoding = 4; lastKnownFileType = text; path = FFL.txt; sourceTree = "<group>"; };
		CDF3761529A63FCC0053F390 /* Supreme-Bold.otf */ = {isa = PBXFileReference; lastKnownFileType = file; path = "Supreme-Bold.otf"; sourceTree = "<group>"; };
/* End PBXFileReference section */

/* Begin PBXFrameworksBuildPhase section */
		CDF375A629A5FC680053F390 /* Frameworks */ = {
			isa = PBXFrameworksBuildPhase;
			buildActionMask = 2147483647;
			files = (
			);
			runOnlyForDeploymentPostprocessing = 0;
		};
		CDF375BC29A5FC6A0053F390 /* Frameworks */ = {
			isa = PBXFrameworksBuildPhase;
			buildActionMask = 2147483647;
			files = (
			);
			runOnlyForDeploymentPostprocessing = 0;
		};
		CDF375C629A5FC6B0053F390 /* Frameworks */ = {
			isa = PBXFrameworksBuildPhase;
			buildActionMask = 2147483647;
			files = (
			);
			runOnlyForDeploymentPostprocessing = 0;
		};
/* End PBXFrameworksBuildPhase section */

/* Begin PBXGroup section */
		CDF375A029A5FC680053F390 = {
			isa = PBXGroup;
			children = (
				CDF375EE29A639EA0053F390 /* Fonts */,
				CDF375AB29A5FC680053F390 /* Swagger */,
				CDF375C229A5FC6A0053F390 /* SwaggerTests */,
				CDF375CC29A5FC6B0053F390 /* SwaggerUITests */,
				CDF375AA29A5FC680053F390 /* Products */,
			);
			sourceTree = "<group>";
		};
		CDF375AA29A5FC680053F390 /* Products */ = {
			isa = PBXGroup;
			children = (
				CDF375A929A5FC680053F390 /* Swagger.app */,
				CDF375BF29A5FC6A0053F390 /* SwaggerTests.xctest */,
				CDF375C929A5FC6B0053F390 /* SwaggerUITests.xctest */,
			);
			name = Products;
			sourceTree = "<group>";
		};
		CDF375AB29A5FC680053F390 /* Swagger */ = {
			isa = PBXGroup;
			children = (
				CDF375E729A614480053F390 /* Extensions */,
				CDF375E429A6040D0053F390 /* Constants */,
				CDF375E129A6037F0053F390 /* Views */,
				CDF375DE29A5FF490053F390 /* ViewControllers */,
				CDF375DD29A5FF3F0053F390 /* Coordinators */,
				CDF375DC29A5FF330053F390 /* Core */,
				CDF375BA29A5FC6A0053F390 /* Info.plist */,
			);
			path = Swagger;
			sourceTree = "<group>";
		};
		CDF375C229A5FC6A0053F390 /* SwaggerTests */ = {
			isa = PBXGroup;
			children = (
				CDF375C329A5FC6B0053F390 /* SwaggerTests.swift */,
			);
			path = SwaggerTests;
			sourceTree = "<group>";
		};
		CDF375CC29A5FC6B0053F390 /* SwaggerUITests */ = {
			isa = PBXGroup;
			children = (
				CDF375CD29A5FC6B0053F390 /* SwaggerUITests.swift */,
				CDF375CF29A5FC6B0053F390 /* SwaggerUITestsLaunchTests.swift */,
			);
			path = SwaggerUITests;
			sourceTree = "<group>";
		};
		CDF375DC29A5FF330053F390 /* Core */ = {
			isa = PBXGroup;
			children = (
				CDF375AC29A5FC680053F390 /* AppDelegate.swift */,
				CDF375AE29A5FC680053F390 /* SceneDelegate.swift */,
				CDF375B529A5FC6A0053F390 /* Assets.xcassets */,
				CDF375B729A5FC6A0053F390 /* LaunchScreen.storyboard */,
			);
			path = Core;
			sourceTree = "<group>";
		};
		CDF375DD29A5FF3F0053F390 /* Coordinators */ = {
			isa = PBXGroup;
			children = (
				CDF375DF29A5FF690053F390 /* MainCoordinator.swift */,
			);
			path = Coordinators;
			sourceTree = "<group>";
		};
		CDF375DE29A5FF490053F390 /* ViewControllers */ = {
			isa = PBXGroup;
			children = (
				CDF375B029A5FC680053F390 /* LoginViewController.swift */,
			);
			path = ViewControllers;
			sourceTree = "<group>";
		};
		CDF375E129A6037F0053F390 /* Views */ = {
			isa = PBXGroup;
			children = (
				CDF375E229A603970053F390 /* LoginView.swift */,
			);
			path = Views;
			sourceTree = "<group>";
		};
		CDF375E429A6040D0053F390 /* Constants */ = {
			isa = PBXGroup;
			children = (
				CDF375E529A604210053F390 /* UIConstants.swift */,
			);
			path = Constants;
			sourceTree = "<group>";
		};
		CDF375E729A614480053F390 /* Extensions */ = {
			isa = PBXGroup;
			children = (
				CDF375E829A6145C0053F390 /* UItextField+Extensions.swift */,
				CDF375EC29A623F90053F390 /* UIImage+Extensions.swift */,
			);
			path = Extensions;
			sourceTree = "<group>";
		};
		CDF375EE29A639EA0053F390 /* Fonts */ = {
			isa = PBXGroup;
			children = (
				CDF3760429A63E2E0053F390 /* Supreme */,
				CDF375EF29A639FF0053F390 /* Satoshi */,
			);
			path = Fonts;
			sourceTree = "<group>";
		};
		CDF375EF29A639FF0053F390 /* Satoshi */ = {
			isa = PBXGroup;
			children = (
				CDF3760529A63E820053F390 /* License */,
				CDF375F829A63A210053F390 /* Satoshi-Bold.otf */,
				CDF375F029A63A210053F390 /* Satoshi-Regular.otf */,
			);
			path = Satoshi;
			sourceTree = "<group>";
		};
		CDF3760429A63E2E0053F390 /* Supreme */ = {
			isa = PBXGroup;
			children = (
				CDF3761029A63F680053F390 /* License */,
				CDF3760B29A63F030053F390 /* Supreme-Italic.otf */,
				CDF3760C29A63F030053F390 /* Supreme-Medium.otf */,
				CDF3761529A63FCC0053F390 /* Supreme-Bold.otf */,
				CDF3760A29A63F030053F390 /* Supreme-Regular.otf */,
				CDF3760729A63EE40053F390 /* Supreme-Extrabold.otf */,
			);
			path = Supreme;
			sourceTree = "<group>";
		};
		CDF3760529A63E820053F390 /* License */ = {
			isa = PBXGroup;
			children = (
				CDF3760629A63E820053F390 /* FFL.txt */,
			);
			path = License;
			sourceTree = "<group>";
		};
		CDF3761029A63F680053F390 /* License */ = {
			isa = PBXGroup;
			children = (
				CDF3761129A63F680053F390 /* FFL.txt */,
			);
			path = License;
			sourceTree = "<group>";
		};
/* End PBXGroup section */

/* Begin PBXNativeTarget section */
		CDF375A829A5FC680053F390 /* Swagger */ = {
			isa = PBXNativeTarget;
			buildConfigurationList = CDF375D329A5FC6B0053F390 /* Build configuration list for PBXNativeTarget "Swagger" */;
			buildPhases = (
				CDF375A529A5FC680053F390 /* Sources */,
				CDF375A629A5FC680053F390 /* Frameworks */,
				CDF375A729A5FC680053F390 /* Resources */,
			);
			buildRules = (
			);
			dependencies = (
			);
			name = Swagger;
			productName = Swagger;
			productReference = CDF375A929A5FC680053F390 /* Swagger.app */;
			productType = "com.apple.product-type.application";
		};
		CDF375BE29A5FC6A0053F390 /* SwaggerTests */ = {
			isa = PBXNativeTarget;
			buildConfigurationList = CDF375D629A5FC6B0053F390 /* Build configuration list for PBXNativeTarget "SwaggerTests" */;
			buildPhases = (
				CDF375BB29A5FC6A0053F390 /* Sources */,
				CDF375BC29A5FC6A0053F390 /* Frameworks */,
				CDF375BD29A5FC6A0053F390 /* Resources */,
			);
			buildRules = (
			);
			dependencies = (
				CDF375C129A5FC6A0053F390 /* PBXTargetDependency */,
			);
			name = SwaggerTests;
			productName = SwaggerTests;
			productReference = CDF375BF29A5FC6A0053F390 /* SwaggerTests.xctest */;
			productType = "com.apple.product-type.bundle.unit-test";
		};
		CDF375C829A5FC6B0053F390 /* SwaggerUITests */ = {
			isa = PBXNativeTarget;
			buildConfigurationList = CDF375D929A5FC6B0053F390 /* Build configuration list for PBXNativeTarget "SwaggerUITests" */;
			buildPhases = (
				CDF375C529A5FC6B0053F390 /* Sources */,
				CDF375C629A5FC6B0053F390 /* Frameworks */,
				CDF375C729A5FC6B0053F390 /* Resources */,
			);
			buildRules = (
			);
			dependencies = (
				CDF375CB29A5FC6B0053F390 /* PBXTargetDependency */,
			);
			name = SwaggerUITests;
			productName = SwaggerUITests;
			productReference = CDF375C929A5FC6B0053F390 /* SwaggerUITests.xctest */;
			productType = "com.apple.product-type.bundle.ui-testing";
		};
/* End PBXNativeTarget section */

/* Begin PBXProject section */
		CDF375A129A5FC680053F390 /* Project object */ = {
			isa = PBXProject;
			attributes = {
				BuildIndependentTargetsInParallel = 1;
				LastSwiftUpdateCheck = 1420;
				LastUpgradeCheck = 1420;
				TargetAttributes = {
					CDF375A829A5FC680053F390 = {
						CreatedOnToolsVersion = 14.2;
					};
					CDF375BE29A5FC6A0053F390 = {
						CreatedOnToolsVersion = 14.2;
						TestTargetID = CDF375A829A5FC680053F390;
					};
					CDF375C829A5FC6B0053F390 = {
						CreatedOnToolsVersion = 14.2;
						TestTargetID = CDF375A829A5FC680053F390;
					};
				};
			};
			buildConfigurationList = CDF375A429A5FC680053F390 /* Build configuration list for PBXProject "Swagger" */;
			compatibilityVersion = "Xcode 14.0";
			developmentRegion = en;
			hasScannedForEncodings = 0;
			knownRegions = (
				en,
				Base,
			);
			mainGroup = CDF375A029A5FC680053F390;
			productRefGroup = CDF375AA29A5FC680053F390 /* Products */;
			projectDirPath = "";
			projectRoot = "";
			targets = (
				CDF375A829A5FC680053F390 /* Swagger */,
				CDF375BE29A5FC6A0053F390 /* SwaggerTests */,
				CDF375C829A5FC6B0053F390 /* SwaggerUITests */,
			);
		};
/* End PBXProject section */

/* Begin PBXResourcesBuildPhase section */
		CDF375A729A5FC680053F390 /* Resources */ = {
			isa = PBXResourcesBuildPhase;
			buildActionMask = 2147483647;
			files = (
				CDF3760F29A63F030053F390 /* Supreme-Medium.otf in Resources */,
				CDF3760D29A63F030053F390 /* Supreme-Regular.otf in Resources */,
				CDF375B929A5FC6A0053F390 /* LaunchScreen.storyboard in Resources */,
				CDF3761229A63F680053F390 /* FFL.txt in Resources */,
				CDF3760E29A63F030053F390 /* Supreme-Italic.otf in Resources */,
				CDF375B629A5FC6A0053F390 /* Assets.xcassets in Resources */,
				CDF3760829A63EE40053F390 /* Supreme-Extrabold.otf in Resources */,
				CDF3760229A63A220053F390 /* Satoshi-Bold.otf in Resources */,
				CDF3761629A63FCC0053F390 /* Supreme-Bold.otf in Resources */,
				CDF375FA29A63A220053F390 /* Satoshi-Regular.otf in Resources */,
			);
			runOnlyForDeploymentPostprocessing = 0;
		};
		CDF375BD29A5FC6A0053F390 /* Resources */ = {
			isa = PBXResourcesBuildPhase;
			buildActionMask = 2147483647;
			files = (
			);
			runOnlyForDeploymentPostprocessing = 0;
		};
		CDF375C729A5FC6B0053F390 /* Resources */ = {
			isa = PBXResourcesBuildPhase;
			buildActionMask = 2147483647;
			files = (
			);
			runOnlyForDeploymentPostprocessing = 0;
		};
/* End PBXResourcesBuildPhase section */

/* Begin PBXSourcesBuildPhase section */
		CDF375A529A5FC680053F390 /* Sources */ = {
			isa = PBXSourcesBuildPhase;
			buildActionMask = 2147483647;
			files = (
				CDF375B129A5FC680053F390 /* LoginViewController.swift in Sources */,
				CDF375E029A5FF690053F390 /* MainCoordinator.swift in Sources */,
				CDF375AD29A5FC680053F390 /* AppDelegate.swift in Sources */,
				CDF375E929A6145C0053F390 /* UItextField+Extensions.swift in Sources */,
				CDF375E329A603970053F390 /* LoginView.swift in Sources */,
				CDF375AF29A5FC680053F390 /* SceneDelegate.swift in Sources */,
				CDF375E629A604210053F390 /* UIConstants.swift in Sources */,
				CDF375ED29A623F90053F390 /* UIImage+Extensions.swift in Sources */,
			);
			runOnlyForDeploymentPostprocessing = 0;
		};
		CDF375BB29A5FC6A0053F390 /* Sources */ = {
			isa = PBXSourcesBuildPhase;
			buildActionMask = 2147483647;
			files = (
				CDF375C429A5FC6B0053F390 /* SwaggerTests.swift in Sources */,
			);
			runOnlyForDeploymentPostprocessing = 0;
		};
		CDF375C529A5FC6B0053F390 /* Sources */ = {
			isa = PBXSourcesBuildPhase;
			buildActionMask = 2147483647;
			files = (
				CDF375CE29A5FC6B0053F390 /* SwaggerUITests.swift in Sources */,
				CDF375D029A5FC6B0053F390 /* SwaggerUITestsLaunchTests.swift in Sources */,
			);
			runOnlyForDeploymentPostprocessing = 0;
		};
/* End PBXSourcesBuildPhase section */

/* Begin PBXTargetDependency section */
		CDF375C129A5FC6A0053F390 /* PBXTargetDependency */ = {
			isa = PBXTargetDependency;
			target = CDF375A829A5FC680053F390 /* Swagger */;
			targetProxy = CDF375C029A5FC6A0053F390 /* PBXContainerItemProxy */;
		};
		CDF375CB29A5FC6B0053F390 /* PBXTargetDependency */ = {
			isa = PBXTargetDependency;
			target = CDF375A829A5FC680053F390 /* Swagger */;
			targetProxy = CDF375CA29A5FC6B0053F390 /* PBXContainerItemProxy */;
		};
/* End PBXTargetDependency section */

/* Begin PBXVariantGroup section */
		CDF375B729A5FC6A0053F390 /* LaunchScreen.storyboard */ = {
			isa = PBXVariantGroup;
			children = (
				CDF375B829A5FC6A0053F390 /* Base */,
			);
			name = LaunchScreen.storyboard;
			sourceTree = "<group>";
		};
/* End PBXVariantGroup section */

/* Begin XCBuildConfiguration section */
		CDF375D129A5FC6B0053F390 /* Debug */ = {
			isa = XCBuildConfiguration;
			buildSettings = {
				ALWAYS_SEARCH_USER_PATHS = NO;
				CLANG_ANALYZER_NONNULL = YES;
				CLANG_ANALYZER_NUMBER_OBJECT_CONVERSION = YES_AGGRESSIVE;
				CLANG_CXX_LANGUAGE_STANDARD = "gnu++20";
				CLANG_ENABLE_MODULES = YES;
				CLANG_ENABLE_OBJC_ARC = YES;
				CLANG_ENABLE_OBJC_WEAK = YES;
				CLANG_WARN_BLOCK_CAPTURE_AUTORELEASING = YES;
				CLANG_WARN_BOOL_CONVERSION = YES;
				CLANG_WARN_COMMA = YES;
				CLANG_WARN_CONSTANT_CONVERSION = YES;
				CLANG_WARN_DEPRECATED_OBJC_IMPLEMENTATIONS = YES;
				CLANG_WARN_DIRECT_OBJC_ISA_USAGE = YES_ERROR;
				CLANG_WARN_DOCUMENTATION_COMMENTS = YES;
				CLANG_WARN_EMPTY_BODY = YES;
				CLANG_WARN_ENUM_CONVERSION = YES;
				CLANG_WARN_INFINITE_RECURSION = YES;
				CLANG_WARN_INT_CONVERSION = YES;
				CLANG_WARN_NON_LITERAL_NULL_CONVERSION = YES;
				CLANG_WARN_OBJC_IMPLICIT_RETAIN_SELF = YES;
				CLANG_WARN_OBJC_LITERAL_CONVERSION = YES;
				CLANG_WARN_OBJC_ROOT_CLASS = YES_ERROR;
				CLANG_WARN_QUOTED_INCLUDE_IN_FRAMEWORK_HEADER = YES;
				CLANG_WARN_RANGE_LOOP_ANALYSIS = YES;
				CLANG_WARN_STRICT_PROTOTYPES = YES;
				CLANG_WARN_SUSPICIOUS_MOVE = YES;
				CLANG_WARN_UNGUARDED_AVAILABILITY = YES_AGGRESSIVE;
				CLANG_WARN_UNREACHABLE_CODE = YES;
				CLANG_WARN__DUPLICATE_METHOD_MATCH = YES;
				COPY_PHASE_STRIP = NO;
				DEBUG_INFORMATION_FORMAT = dwarf;
				ENABLE_STRICT_OBJC_MSGSEND = YES;
				ENABLE_TESTABILITY = YES;
				GCC_C_LANGUAGE_STANDARD = gnu11;
				GCC_DYNAMIC_NO_PIC = NO;
				GCC_NO_COMMON_BLOCKS = YES;
				GCC_OPTIMIZATION_LEVEL = 0;
				GCC_PREPROCESSOR_DEFINITIONS = (
					"DEBUG=1",
					"$(inherited)",
				);
				GCC_WARN_64_TO_32_BIT_CONVERSION = YES;
				GCC_WARN_ABOUT_RETURN_TYPE = YES_ERROR;
				GCC_WARN_UNDECLARED_SELECTOR = YES;
				GCC_WARN_UNINITIALIZED_AUTOS = YES_AGGRESSIVE;
				GCC_WARN_UNUSED_FUNCTION = YES;
				GCC_WARN_UNUSED_VARIABLE = YES;
				IPHONEOS_DEPLOYMENT_TARGET = 15.0;
				MTL_ENABLE_DEBUG_INFO = INCLUDE_SOURCE;
				MTL_FAST_MATH = YES;
				ONLY_ACTIVE_ARCH = YES;
				SDKROOT = iphoneos;
				SWIFT_ACTIVE_COMPILATION_CONDITIONS = DEBUG;
				SWIFT_OPTIMIZATION_LEVEL = "-Onone";
			};
			name = Debug;
		};
		CDF375D229A5FC6B0053F390 /* Release */ = {
			isa = XCBuildConfiguration;
			buildSettings = {
				ALWAYS_SEARCH_USER_PATHS = NO;
				CLANG_ANALYZER_NONNULL = YES;
				CLANG_ANALYZER_NUMBER_OBJECT_CONVERSION = YES_AGGRESSIVE;
				CLANG_CXX_LANGUAGE_STANDARD = "gnu++20";
				CLANG_ENABLE_MODULES = YES;
				CLANG_ENABLE_OBJC_ARC = YES;
				CLANG_ENABLE_OBJC_WEAK = YES;
				CLANG_WARN_BLOCK_CAPTURE_AUTORELEASING = YES;
				CLANG_WARN_BOOL_CONVERSION = YES;
				CLANG_WARN_COMMA = YES;
				CLANG_WARN_CONSTANT_CONVERSION = YES;
				CLANG_WARN_DEPRECATED_OBJC_IMPLEMENTATIONS = YES;
				CLANG_WARN_DIRECT_OBJC_ISA_USAGE = YES_ERROR;
				CLANG_WARN_DOCUMENTATION_COMMENTS = YES;
				CLANG_WARN_EMPTY_BODY = YES;
				CLANG_WARN_ENUM_CONVERSION = YES;
				CLANG_WARN_INFINITE_RECURSION = YES;
				CLANG_WARN_INT_CONVERSION = YES;
				CLANG_WARN_NON_LITERAL_NULL_CONVERSION = YES;
				CLANG_WARN_OBJC_IMPLICIT_RETAIN_SELF = YES;
				CLANG_WARN_OBJC_LITERAL_CONVERSION = YES;
				CLANG_WARN_OBJC_ROOT_CLASS = YES_ERROR;
				CLANG_WARN_QUOTED_INCLUDE_IN_FRAMEWORK_HEADER = YES;
				CLANG_WARN_RANGE_LOOP_ANALYSIS = YES;
				CLANG_WARN_STRICT_PROTOTYPES = YES;
				CLANG_WARN_SUSPICIOUS_MOVE = YES;
				CLANG_WARN_UNGUARDED_AVAILABILITY = YES_AGGRESSIVE;
				CLANG_WARN_UNREACHABLE_CODE = YES;
				CLANG_WARN__DUPLICATE_METHOD_MATCH = YES;
				COPY_PHASE_STRIP = NO;
				DEBUG_INFORMATION_FORMAT = "dwarf-with-dsym";
				ENABLE_NS_ASSERTIONS = NO;
				ENABLE_STRICT_OBJC_MSGSEND = YES;
				GCC_C_LANGUAGE_STANDARD = gnu11;
				GCC_NO_COMMON_BLOCKS = YES;
				GCC_WARN_64_TO_32_BIT_CONVERSION = YES;
				GCC_WARN_ABOUT_RETURN_TYPE = YES_ERROR;
				GCC_WARN_UNDECLARED_SELECTOR = YES;
				GCC_WARN_UNINITIALIZED_AUTOS = YES_AGGRESSIVE;
				GCC_WARN_UNUSED_FUNCTION = YES;
				GCC_WARN_UNUSED_VARIABLE = YES;
				IPHONEOS_DEPLOYMENT_TARGET = 15.0;
				MTL_ENABLE_DEBUG_INFO = NO;
				MTL_FAST_MATH = YES;
				SDKROOT = iphoneos;
				SWIFT_COMPILATION_MODE = wholemodule;
				SWIFT_OPTIMIZATION_LEVEL = "-O";
				VALIDATE_PRODUCT = YES;
			};
			name = Release;
		};
		CDF375D429A5FC6B0053F390 /* Debug */ = {
			isa = XCBuildConfiguration;
			buildSettings = {
				ASSETCATALOG_COMPILER_APPICON_NAME = AppIcon;
				ASSETCATALOG_COMPILER_GLOBAL_ACCENT_COLOR_NAME = AccentColor;
				CODE_SIGN_STYLE = Automatic;
				CURRENT_PROJECT_VERSION = 1;
				DEVELOPMENT_TEAM = Y2ZMF37QVQ;
				GENERATE_INFOPLIST_FILE = YES;
				INFOPLIST_FILE = Swagger/Info.plist;
				INFOPLIST_KEY_UIApplicationSupportsIndirectInputEvents = YES;
				INFOPLIST_KEY_UILaunchStoryboardName = LaunchScreen.storyboard;
				INFOPLIST_KEY_UIStatusBarStyle = "";
				INFOPLIST_KEY_UISupportedInterfaceOrientations = UIInterfaceOrientationPortrait;
				IPHONEOS_DEPLOYMENT_TARGET = 15.0;
				LD_RUNPATH_SEARCH_PATHS = (
					"$(inherited)",
					"@executable_path/Frameworks",
				);
				MARKETING_VERSION = 1.0;
				PRODUCT_BUNDLE_IDENTIFIER = com.myorganization.Swagger;
				PRODUCT_NAME = "$(TARGET_NAME)";
				SUPPORTED_PLATFORMS = "iphoneos iphonesimulator";
				SUPPORTS_MACCATALYST = NO;
				SUPPORTS_MAC_DESIGNED_FOR_IPHONE_IPAD = NO;
				SWIFT_EMIT_LOC_STRINGS = YES;
				SWIFT_VERSION = 5.0;
				TARGETED_DEVICE_FAMILY = "1,2";
			};
			name = Debug;
		};
		CDF375D529A5FC6B0053F390 /* Release */ = {
			isa = XCBuildConfiguration;
			buildSettings = {
				ASSETCATALOG_COMPILER_APPICON_NAME = AppIcon;
				ASSETCATALOG_COMPILER_GLOBAL_ACCENT_COLOR_NAME = AccentColor;
				CODE_SIGN_STYLE = Automatic;
				CURRENT_PROJECT_VERSION = 1;
				DEVELOPMENT_TEAM = Y2ZMF37QVQ;
				GENERATE_INFOPLIST_FILE = YES;
				INFOPLIST_FILE = Swagger/Info.plist;
				INFOPLIST_KEY_UIApplicationSupportsIndirectInputEvents = YES;
				INFOPLIST_KEY_UILaunchStoryboardName = LaunchScreen.storyboard;
				INFOPLIST_KEY_UIStatusBarStyle = "";
				INFOPLIST_KEY_UISupportedInterfaceOrientations = UIInterfaceOrientationPortrait;
				IPHONEOS_DEPLOYMENT_TARGET = 15.0;
				LD_RUNPATH_SEARCH_PATHS = (
					"$(inherited)",
					"@executable_path/Frameworks",
				);
				MARKETING_VERSION = 1.0;
				PRODUCT_BUNDLE_IDENTIFIER = com.myorganization.Swagger;
				PRODUCT_NAME = "$(TARGET_NAME)";
				SUPPORTED_PLATFORMS = "iphoneos iphonesimulator";
				SUPPORTS_MACCATALYST = NO;
				SUPPORTS_MAC_DESIGNED_FOR_IPHONE_IPAD = NO;
				SWIFT_EMIT_LOC_STRINGS = YES;
				SWIFT_VERSION = 5.0;
				TARGETED_DEVICE_FAMILY = "1,2";
			};
			name = Release;
		};
		CDF375D729A5FC6B0053F390 /* Debug */ = {
			isa = XCBuildConfiguration;
			buildSettings = {
				ALWAYS_EMBED_SWIFT_STANDARD_LIBRARIES = YES;
				BUNDLE_LOADER = "$(TEST_HOST)";
				CODE_SIGN_STYLE = Automatic;
				CURRENT_PROJECT_VERSION = 1;
				DEVELOPMENT_TEAM = Y2ZMF37QVQ;
				GENERATE_INFOPLIST_FILE = YES;
				IPHONEOS_DEPLOYMENT_TARGET = 16.2;
				MARKETING_VERSION = 1.0;
				PRODUCT_BUNDLE_IDENTIFIER = com.myorganization.SwaggerTests;
				PRODUCT_NAME = "$(TARGET_NAME)";
				SWIFT_EMIT_LOC_STRINGS = NO;
				SWIFT_VERSION = 5.0;
				TARGETED_DEVICE_FAMILY = "1,2";
				TEST_HOST = "$(BUILT_PRODUCTS_DIR)/Swagger.app/$(BUNDLE_EXECUTABLE_FOLDER_PATH)/Swagger";
			};
			name = Debug;
		};
		CDF375D829A5FC6B0053F390 /* Release */ = {
			isa = XCBuildConfiguration;
			buildSettings = {
				ALWAYS_EMBED_SWIFT_STANDARD_LIBRARIES = YES;
				BUNDLE_LOADER = "$(TEST_HOST)";
				CODE_SIGN_STYLE = Automatic;
				CURRENT_PROJECT_VERSION = 1;
				DEVELOPMENT_TEAM = Y2ZMF37QVQ;
				GENERATE_INFOPLIST_FILE = YES;
				IPHONEOS_DEPLOYMENT_TARGET = 16.2;
				MARKETING_VERSION = 1.0;
				PRODUCT_BUNDLE_IDENTIFIER = com.myorganization.SwaggerTests;
				PRODUCT_NAME = "$(TARGET_NAME)";
				SWIFT_EMIT_LOC_STRINGS = NO;
				SWIFT_VERSION = 5.0;
				TARGETED_DEVICE_FAMILY = "1,2";
				TEST_HOST = "$(BUILT_PRODUCTS_DIR)/Swagger.app/$(BUNDLE_EXECUTABLE_FOLDER_PATH)/Swagger";
			};
			name = Release;
		};
		CDF375DA29A5FC6B0053F390 /* Debug */ = {
			isa = XCBuildConfiguration;
			buildSettings = {
				ALWAYS_EMBED_SWIFT_STANDARD_LIBRARIES = YES;
				CODE_SIGN_STYLE = Automatic;
				CURRENT_PROJECT_VERSION = 1;
				DEVELOPMENT_TEAM = Y2ZMF37QVQ;
				GENERATE_INFOPLIST_FILE = YES;
				MARKETING_VERSION = 1.0;
				PRODUCT_BUNDLE_IDENTIFIER = com.myorganization.SwaggerUITests;
				PRODUCT_NAME = "$(TARGET_NAME)";
				SWIFT_EMIT_LOC_STRINGS = NO;
				SWIFT_VERSION = 5.0;
				TARGETED_DEVICE_FAMILY = "1,2";
				TEST_TARGET_NAME = Swagger;
			};
			name = Debug;
		};
		CDF375DB29A5FC6B0053F390 /* Release */ = {
			isa = XCBuildConfiguration;
			buildSettings = {
				ALWAYS_EMBED_SWIFT_STANDARD_LIBRARIES = YES;
				CODE_SIGN_STYLE = Automatic;
				CURRENT_PROJECT_VERSION = 1;
				DEVELOPMENT_TEAM = Y2ZMF37QVQ;
				GENERATE_INFOPLIST_FILE = YES;
				MARKETING_VERSION = 1.0;
				PRODUCT_BUNDLE_IDENTIFIER = com.myorganization.SwaggerUITests;
				PRODUCT_NAME = "$(TARGET_NAME)";
				SWIFT_EMIT_LOC_STRINGS = NO;
				SWIFT_VERSION = 5.0;
				TARGETED_DEVICE_FAMILY = "1,2";
				TEST_TARGET_NAME = Swagger;
			};
			name = Release;
		};
/* End XCBuildConfiguration section */

/* Begin XCConfigurationList section */
		CDF375A429A5FC680053F390 /* Build configuration list for PBXProject "Swagger" */ = {
			isa = XCConfigurationList;
			buildConfigurations = (
				CDF375D129A5FC6B0053F390 /* Debug */,
				CDF375D229A5FC6B0053F390 /* Release */,
			);
			defaultConfigurationIsVisible = 0;
			defaultConfigurationName = Release;
		};
		CDF375D329A5FC6B0053F390 /* Build configuration list for PBXNativeTarget "Swagger" */ = {
			isa = XCConfigurationList;
			buildConfigurations = (
				CDF375D429A5FC6B0053F390 /* Debug */,
				CDF375D529A5FC6B0053F390 /* Release */,
			);
			defaultConfigurationIsVisible = 0;
			defaultConfigurationName = Release;
		};
		CDF375D629A5FC6B0053F390 /* Build configuration list for PBXNativeTarget "SwaggerTests" */ = {
			isa = XCConfigurationList;
			buildConfigurations = (
				CDF375D729A5FC6B0053F390 /* Debug */,
				CDF375D829A5FC6B0053F390 /* Release */,
			);
			defaultConfigurationIsVisible = 0;
			defaultConfigurationName = Release;
		};
		CDF375D929A5FC6B0053F390 /* Build configuration list for PBXNativeTarget "SwaggerUITests" */ = {
			isa = XCConfigurationList;
			buildConfigurations = (
				CDF375DA29A5FC6B0053F390 /* Debug */,
				CDF375DB29A5FC6B0053F390 /* Release */,
			);
			defaultConfigurationIsVisible = 0;
			defaultConfigurationName = Release;
		};
/* End XCConfigurationList section */
	};
	rootObject = CDF375A129A5FC680053F390 /* Project object */;
}
